{
  "version": 4,
  "terraform_version": "1.9.0",
  "serial": 189,
  "lineage": "0521ac90-e5b4-b094-3522-bf280f0aba0d",
  "outputs": {
    "key_data": {
      "value": "ssh-rsa AAAAB3NzaC1yc2EAAAADAQABAAABgQDDLaxSJ0NsNvA5DAs0exTNkVSUmwnsdfHqjw8pH8JtlvRpcmYx3pT77oqmk9LOFTFSCHxarJZweLXBthww5cBT1KkSbuT+HiWKSzscUVWZqAtZRh7b3jvgn0pd0eahRKzXUQF/PR6RG0ja9vIPDbsihME4tR65AvEEXJDaeau9AYMs7+JeoPHYzmdBiUmyM2J1AoOGVoIa6qmjxVVL5o+fG+o+hoJPDl87tFHRC5WKtE1Sqhu2yOZ4e+nZAnPOHBnzPAbuvQzKwQdcNQJvUjQOyp3LTZZrijOtarv4hZxJkMyv0puRGNZzMPAWUhgwbRBbZg8egw0K3/YY4P3UsJc5WXj66lMW0Z25k/VXJE+22FAY2tWanQ2HHan5M75noCrphm77sSZ3QSX/Kdjuo3nOEwyJaZYualCZBaZ9OlCWgHpNpKvLjbLX7rrU+F7whVh1nDsDISOB/+eRhL5DkD1X6atM4vMme1NNKSDj6Y0y1gHRfef8CyVoCMcCaZqEHeE= generated-by-azure",
      "type": "string"
    },
    "resource_group_name": {
      "value": "rg-saved-redbird",
      "type": "string"
    }
  },
  "resources": [
    {
      "mode": "managed",
      "type": "azapi_resource",
      "name": "ssh_public_key",
      "provider": "provider[\"registry.terraform.io/azure/azapi\"]",
      "instances": [
        {
          "schema_version": 1,
          "attributes": {
            "body": {
              "value": "{}",
              "type": "string"
            },
            "id": "/subscriptions/4bb9d566-76f3-43be-8a78-7bdffc86eb81/resourceGroups/rg-saved-redbird/providers/Microsoft.Compute/sshPublicKeys/sshsavedredbird",
            "identity": [],
            "ignore_body_changes": null,
            "ignore_casing": false,
            "ignore_missing_property": true,
            "location": "westeurope",
            "locks": null,
            "name": "sshsavedredbird",
            "output": {
              "value": "{}",
              "type": "string"
            },
            "parent_id": "/subscriptions/4bb9d566-76f3-43be-8a78-7bdffc86eb81/resourceGroups/rg-saved-redbird",
            "removing_special_chars": false,
            "response_export_values": null,
            "schema_validation_enabled": true,
            "tags": null,
            "timeouts": null,
            "type": "Microsoft.Compute/sshPublicKeys@2022-11-01"
          },
          "sensitive_attributes": [],
          "dependencies": [
            "azurerm_resource_group.rg",
            "random_pet.rg_name",
            "random_pet.ssh_key_name"
          ]
        }
      ]
    },
    {
      "mode": "managed",
      "type": "azapi_resource_action",
      "name": "ssh_public_key_gen",
      "provider": "provider[\"registry.terraform.io/azure/azapi\"]",
      "instances": [
        {
          "schema_version": 1,
          "attributes": {
            "action": "generateKeyPair",
            "body": null,
            "id": "/subscriptions/4bb9d566-76f3-43be-8a78-7bdffc86eb81/resourceGroups/rg-saved-redbird/providers/Microsoft.Compute/sshPublicKeys/sshsavedredbird/generateKeyPair",
            "locks": null,
            "method": "POST",
            "output": {
              "value": {
                "privateKey": "-----BEGIN RSA PRIVATE KEY-----\r\nMIIG5AIBAAKCAYEAwy2sUidDbDbwOQwLNHsUzZFUlJsJ7HXx6o8PKR/CbZb0aXJm\r\nMd6U++6KppPSzhUxUgh8WqyWcHi1wbYcMOXAU9SpEm7k/h4liks7HFFVmagLWUYe\r\n29474J9KXdHmoUSs11EBfz0ekRtI2vbyDw27IoTBOLUeuQLxBFyQ2nmrvQGDLO/i\r\nXqDx2M5nQYlJsjNidQKDhlaCGuqpo8VVS+aPnxvqPoaCTw5fO7RR0QuVirRNUqob\r\ntsjmeHvp2QJzzhwZ8zwG7r0MysEHXDUCb1I0Dsqdy02Wa4ozrWq7+IWcSZDMr9Kb\r\nkRjWczDwFlIYMG0QW2YPHoMNCt/2GOD91LCXOVl4+upTFtGduZP1VyRPtthQGNrV\r\nmp0Nhx2p+TO+Z6Aq6YZu+7Emd0El/ynY7qN5zhMMiWmWLmpQmQWmfTpQloB6TaSr\r\ny42y1+661Phe8IVYdZw7AyEjgf/nkYS+Q5A9V+mrTOLzJntTTSkg4+mNMtYB0X3n\r\n/AslaAjHAmmahB3hAgMBAAECggGAaoyHcv3ON8gyEeJ6R3cdny9ETi/pFfY5T4Qz\r\nkY6t9GehG+OA2J6bFIFfnZo7TZeSKidJw7JOGi47gvlooGT8PodsmQyC5BsPAVUa\r\netYH9e8f6ud1ty+13mT3Ewqgbc9wz8aAG7cA9dRATJDdCczEKQ7x8IQntnZdnrTt\r\nuucLEw49Tw3RtTkFbgcXpVZOLgMRL7FknbSiKBGM9EOo0duW8hQqJ2IExyWgZZaF\r\nx6ocQ/Ez+Pm2UW2RK5rxyS8mixEZQJNlz0LpVhzK8xlK2OGGgF3d+JTC6r6chJD0\r\n2LjgMAW1xZsVHOcs8J0byCAnvN8Q04E+UDxHlDa+WXMNwKexdB9/rmj59zE9LZme\r\ntykbcTSYLIX/TPQ/MFrs1cwiruKD924tZfpCyANLBARXAA62ScgFAPEPVPK9XSfg\r\n8IgOuUl+DkFcR7LIIwTfC6FVoCdu2ZfjkCavDNNVE1H0Ak/lwaBMXPf2/TZs9QWc\r\nCsKuhGhdoxLjBcsWB4bjvEyzM2YFAoHBAM0eo+RNyuZ+gpXO2BCu5d2GG8n3lPQ1\r\nNFKl6WrmDbKq5vYy4/ZbFfEclYmDOMKxaMjxYPjVmqlHsnUUiWHpBZUc4q00O26R\r\nKPq/tEaL4t2ieAG9qFZId0lgwUPJty+TwZxI7ELwX0RTAyL1GofPWddXUGnRZKWR\r\nRLPTsAwO+DxRt3HumRDx4fFsLXA4Zp1bUF2fIMaBHyW/0aUL9Z6jAwVjTRbeZ+eX\r\nDldA4nh7KsJOYAqW75slYTbvp6ZJoHHrNwKBwQDzl7/Mkhme5OWAwOWVT1dAg2FW\r\nYysMxtMC1RHLlYwUIEQGOU+Fh8tB0PJZ1U51l1JKHvlIcQjoFgYsW3Rt0VIslXWC\r\nx0jDht65yTYIYAWQj5li6Qd+ZJIzgT0NP1I1L1S3RpBAYwIDwP/eLaq6gZ7GqwdI\r\nzV0TSJVJnODk5OmP7PM+vyKgvcbiXe4qz0Jk+UDDumfSqmXryvOuJ6kFwTMvRQgk\r\nvf+xI7j5wLWnuZCQF+DHBSayq0d0MCWVb9PyO6cCgcEAu6O76a4AXrp8Wu7NWPWl\r\n8fAsm6WQ7ZV+N9zumou5HCia/72uLD9G4zpy0UjpM7F3Wdr2Cqvcv96GsfQHeTnh\r\nkXbLJgcSFyNTiY61K5PsBTQK9Ay7YbMI7GdGZOyyVyOjiYRsHRAnFimaRPBTRMm6\r\nNfP569NRbuRlJNwRv/Yxv3xBhEfwXj/noSKErpPpyykta3eWVADqrW28Km+2UVht\r\n+w/MBY+PHZxh0g/ZHL4Pb5Ci6w0IQ7T+KXMyujvAOnYhAoHBAMAbTDrkeeoy8MBy\r\n4Fy5fsE1G73KZbgk0WMpcGhTH27750nVRt6zMlxMkeTA8aiRV2d3N/emlXSbcfDn\r\ni1HUQ+8/S7aAveTd56czhTZjq9/PMBOuXaeTXy3ZXbGl34psMm576uWsb3lQazno\r\nX/3IndRmK0+CDkZX9sxgOYiq83v7TfaNPJzyLfh2RY9jdyQ04pu51YlxswGbRERz\r\nqLwOGvTLh1mash0cZBQro9eL4/OPsUijylob9DUwh2NsFwWxfwKBwAES88fjvbxs\r\nLLR65hLKf13LrqoA0vnCkz8EYmQMyT4BaMW14p0LXchBZc5CzR1J1GUzeVzqFano\r\nvMFW4pTjnW5OsUBQrh3xZgRJSNh0mapIpN7L7sCrSOGd4kggKBHJhN4zle7rqLGL\r\nKj9jpBTmSyYRY9p4NCnmmliiB9EVsIsbyffNQC3ahRUIt8iQvcqPBtcmErYwts/z\r\nUfXfqihMsUku74ewZtFNFtNEG4jtv6RGVq2+Xos1OUN8sL0HDUStTA==\r\n-----END RSA PRIVATE KEY-----\r\n",
                "publicKey": "ssh-rsa AAAAB3NzaC1yc2EAAAADAQABAAABgQDDLaxSJ0NsNvA5DAs0exTNkVSUmwnsdfHqjw8pH8JtlvRpcmYx3pT77oqmk9LOFTFSCHxarJZweLXBthww5cBT1KkSbuT+HiWKSzscUVWZqAtZRh7b3jvgn0pd0eahRKzXUQF/PR6RG0ja9vIPDbsihME4tR65AvEEXJDaeau9AYMs7+JeoPHYzmdBiUmyM2J1AoOGVoIa6qmjxVVL5o+fG+o+hoJPDl87tFHRC5WKtE1Sqhu2yOZ4e+nZAnPOHBnzPAbuvQzKwQdcNQJvUjQOyp3LTZZrijOtarv4hZxJkMyv0puRGNZzMPAWUhgwbRBbZg8egw0K3/YY4P3UsJc5WXj66lMW0Z25k/VXJE+22FAY2tWanQ2HHan5M75noCrphm77sSZ3QSX/Kdjuo3nOEwyJaZYualCZBaZ9OlCWgHpNpKvLjbLX7rrU+F7whVh1nDsDISOB/+eRhL5DkD1X6atM4vMme1NNKSDj6Y0y1gHRfef8CyVoCMcCaZqEHeE= generated-by-azure"
              },
              "type": [
                "object",
                {
                  "privateKey": "string",
                  "publicKey": "string"
                }
              ]
            },
            "resource_id": "/subscriptions/4bb9d566-76f3-43be-8a78-7bdffc86eb81/resourceGroups/rg-saved-redbird/providers/Microsoft.Compute/sshPublicKeys/sshsavedredbird",
            "response_export_values": [
              "publicKey",
              "privateKey"
            ],
            "timeouts": null,
            "type": "Microsoft.Compute/sshPublicKeys@2022-11-01",
            "when": "apply"
          },
          "sensitive_attributes": [],
          "dependencies": [
            "azapi_resource.ssh_public_key",
            "azurerm_resource_group.rg",
            "random_pet.rg_name",
            "random_pet.ssh_key_name"
          ]
        }
      ]
    },
    {
      "mode": "managed",
      "type": "azurerm_network_interface",
      "name": "my_terraform_nic",
      "provider": "provider[\"registry.terraform.io/hashicorp/azurerm\"]",
      "instances": [
        {
          "schema_version": 0,
          "attributes": {
            "applied_dns_servers": [],
            "dns_servers": [],
            "enable_accelerated_networking": false,
            "enable_ip_forwarding": false,
            "id": "/subscriptions/4bb9d566-76f3-43be-8a78-7bdffc86eb81/resourceGroups/rg-saved-redbird/providers/Microsoft.Network/networkInterfaces/myNIC",
            "internal_dns_name_label": "",
            "internal_domain_name_suffix": "oiuravqzwriebjphf0viu2rjpa.ax.internal.cloudapp.net",
            "ip_configuration": [
              {
                "gateway_load_balancer_frontend_ip_configuration_id": "",
                "name": "my_nic_configuration",
                "primary": true,
                "private_ip_address": "10.0.1.4",
                "private_ip_address_allocation": "Dynamic",
                "private_ip_address_version": "IPv4",
                "public_ip_address_id": "/subscriptions/4bb9d566-76f3-43be-8a78-7bdffc86eb81/resourceGroups/rg-saved-redbird/providers/Microsoft.Network/publicIPAddresses/myPublicIP",
                "subnet_id": "/subscriptions/4bb9d566-76f3-43be-8a78-7bdffc86eb81/resourceGroups/rg-saved-redbird/providers/Microsoft.Network/virtualNetworks/myVnet/subnets/mySubnet"
              }
            ],
            "location": "westeurope",
            "mac_address": "",
            "name": "myNIC",
            "private_ip_address": "10.0.1.4",
            "private_ip_addresses": [
              "10.0.1.4"
            ],
            "resource_group_name": "rg-saved-redbird",
            "tags": null,
            "timeouts": null,
            "virtual_machine_id": ""
          },
          "sensitive_attributes": [],
          "private": "eyJlMmJmYjczMC1lY2FhLTExZTYtOGY4OC0zNDM2M2JjN2M0YzAiOnsiY3JlYXRlIjoxODAwMDAwMDAwMDAwLCJkZWxldGUiOjE4MDAwMDAwMDAwMDAsInJlYWQiOjMwMDAwMDAwMDAwMCwidXBkYXRlIjoxODAwMDAwMDAwMDAwfX0=",
          "dependencies": [
            "azurerm_public_ip.my_terraform_public_ip",
            "azurerm_resource_group.rg",
            "azurerm_subnet.my_terraform_subnet",
            "azurerm_virtual_network.my_terraform_network",
            "random_pet.rg_name"
          ]
        }
      ]
    },
    {
      "mode": "managed",
      "type": "azurerm_public_ip",
      "name": "my_terraform_public_ip",
      "provider": "provider[\"registry.terraform.io/hashicorp/azurerm\"]",
      "instances": [
        {
          "schema_version": 0,
          "attributes": {
            "allocation_method": "Dynamic",
            "availability_zone": "No-Zone",
            "domain_name_label": null,
            "fqdn": null,
            "id": "/subscriptions/4bb9d566-76f3-43be-8a78-7bdffc86eb81/resourceGroups/rg-saved-redbird/providers/Microsoft.Network/publicIPAddresses/myPublicIP",
            "idle_timeout_in_minutes": 4,
            "ip_address": "",
            "ip_tags": null,
            "ip_version": "IPv4",
            "location": "westeurope",
            "name": "myPublicIP",
            "public_ip_prefix_id": null,
            "resource_group_name": "rg-saved-redbird",
            "reverse_fqdn": null,
            "sku": "Basic",
            "sku_tier": "Regional",
            "tags": null,
            "timeouts": null,
            "zones": []
          },
          "sensitive_attributes": [],
          "private": "eyJlMmJmYjczMC1lY2FhLTExZTYtOGY4OC0zNDM2M2JjN2M0YzAiOnsiY3JlYXRlIjoxODAwMDAwMDAwMDAwLCJkZWxldGUiOjE4MDAwMDAwMDAwMDAsInJlYWQiOjMwMDAwMDAwMDAwMCwidXBkYXRlIjoxODAwMDAwMDAwMDAwfX0=",
          "dependencies": [
            "azurerm_resource_group.rg",
            "random_pet.rg_name"
          ]
        }
      ]
    },
    {
      "mode": "managed",
      "type": "azurerm_resource_group",
      "name": "rg",
      "provider": "provider[\"registry.terraform.io/hashicorp/azurerm\"]",
      "instances": [
        {
          "schema_version": 0,
          "attributes": {
            "id": "/subscriptions/4bb9d566-76f3-43be-8a78-7bdffc86eb81/resourceGroups/rg-saved-redbird",
            "location": "westeurope",
            "name": "rg-saved-redbird",
            "tags": null,
            "timeouts": null
          },
          "sensitive_attributes": [],
          "private": "eyJlMmJmYjczMC1lY2FhLTExZTYtOGY4OC0zNDM2M2JjN2M0YzAiOnsiY3JlYXRlIjo1NDAwMDAwMDAwMDAwLCJkZWxldGUiOjU0MDAwMDAwMDAwMDAsInJlYWQiOjMwMDAwMDAwMDAwMCwidXBkYXRlIjo1NDAwMDAwMDAwMDAwfX0=",
          "dependencies": [
            "random_pet.rg_name"
          ]
        }
      ]
    },
    {
      "mode": "managed",
      "type": "azurerm_storage_account",
      "name": "my_storage_account",
      "provider": "provider[\"registry.terraform.io/hashicorp/azurerm\"]",
      "instances": [
        {
          "schema_version": 2,
          "attributes": {
            "access_tier": "Hot",
            "account_kind": "StorageV2",
            "account_replication_type": "LRS",
            "account_tier": "Standard",
            "allow_blob_public_access": false,
            "azure_files_authentication": [],
            "blob_properties": [
              {
                "change_feed_enabled": false,
                "container_delete_retention_policy": [],
                "cors_rule": [],
                "default_service_version": "",
                "delete_retention_policy": [],
                "last_access_time_enabled": false,
                "versioning_enabled": false
              }
            ],
            "custom_domain": [],
            "customer_managed_key": [],
            "enable_https_traffic_only": true,
            "id": "/subscriptions/4bb9d566-76f3-43be-8a78-7bdffc86eb81/resourceGroups/rg-saved-redbird/providers/Microsoft.Storage/storageAccounts/diage6c62696b07bbf94",
            "identity": [],
            "infrastructure_encryption_enabled": false,
            "is_hns_enabled": false,
            "large_file_share_enabled": null,
            "location": "westeurope",
            "min_tls_version": "TLS1_0",
            "name": "diage6c62696b07bbf94",
            "network_rules": [
              {
                "bypass": [
                  "AzureServices"
                ],
                "default_action": "Allow",
                "ip_rules": [],
                "private_link_access": [],
                "virtual_network_subnet_ids": []
              }
            ],
            "nfsv3_enabled": false,
            "primary_access_key": "mdNnirjOjsjJ9vLn4pCikH6R222kZbMI8qzkzXfcVAr6xpRg2jz/HN0k8qMXug2kL8LQ/nlY1DkS+ASt4sbRYA==",
            "primary_blob_connection_string": "DefaultEndpointsProtocol=https;BlobEndpoint=https://diage6c62696b07bbf94.blob.core.windows.net/;AccountName=diage6c62696b07bbf94;AccountKey=mdNnirjOjsjJ9vLn4pCikH6R222kZbMI8qzkzXfcVAr6xpRg2jz/HN0k8qMXug2kL8LQ/nlY1DkS+ASt4sbRYA==",
            "primary_blob_endpoint": "https://diage6c62696b07bbf94.blob.core.windows.net/",
            "primary_blob_host": "diage6c62696b07bbf94.blob.core.windows.net",
            "primary_connection_string": "DefaultEndpointsProtocol=https;AccountName=diage6c62696b07bbf94;AccountKey=mdNnirjOjsjJ9vLn4pCikH6R222kZbMI8qzkzXfcVAr6xpRg2jz/HN0k8qMXug2kL8LQ/nlY1DkS+ASt4sbRYA==;EndpointSuffix=core.windows.net",
            "primary_dfs_endpoint": "https://diage6c62696b07bbf94.dfs.core.windows.net/",
            "primary_dfs_host": "diage6c62696b07bbf94.dfs.core.windows.net",
            "primary_file_endpoint": "https://diage6c62696b07bbf94.file.core.windows.net/",
            "primary_file_host": "diage6c62696b07bbf94.file.core.windows.net",
            "primary_location": "westeurope",
            "primary_queue_endpoint": "https://diage6c62696b07bbf94.queue.core.windows.net/",
            "primary_queue_host": "diage6c62696b07bbf94.queue.core.windows.net",
            "primary_table_endpoint": "https://diage6c62696b07bbf94.table.core.windows.net/",
            "primary_table_host": "diage6c62696b07bbf94.table.core.windows.net",
            "primary_web_endpoint": "https://diage6c62696b07bbf94.z6.web.core.windows.net/",
            "primary_web_host": "diage6c62696b07bbf94.z6.web.core.windows.net",
            "queue_encryption_key_type": "Service",
            "queue_properties": [
              {
                "cors_rule": [],
                "hour_metrics": [
                  {
                    "enabled": true,
                    "include_apis": true,
                    "retention_policy_days": 7,
                    "version": "1.0"
                  }
                ],
                "logging": [
                  {
                    "delete": false,
                    "read": false,
                    "retention_policy_days": 0,
                    "version": "1.0",
                    "write": false
                  }
                ],
                "minute_metrics": [
                  {
                    "enabled": false,
                    "include_apis": false,
                    "retention_policy_days": 0,
                    "version": "1.0"
                  }
                ]
              }
            ],
            "resource_group_name": "rg-saved-redbird",
            "routing": [],
            "secondary_access_key": "O04xpRF8jAokFM/xbhHlMFxZ73AOKFi/PAh9LL0rPmh7HGIZGH3SBbeb4GMpH1tCZ8OHVs4hOi6d+AStHhZaVQ==",
            "secondary_blob_connection_string": "",
            "secondary_blob_endpoint": null,
            "secondary_blob_host": null,
            "secondary_connection_string": "DefaultEndpointsProtocol=https;AccountName=diage6c62696b07bbf94;AccountKey=O04xpRF8jAokFM/xbhHlMFxZ73AOKFi/PAh9LL0rPmh7HGIZGH3SBbeb4GMpH1tCZ8OHVs4hOi6d+AStHhZaVQ==;EndpointSuffix=core.windows.net",
            "secondary_dfs_endpoint": null,
            "secondary_dfs_host": null,
            "secondary_file_endpoint": null,
            "secondary_file_host": null,
            "secondary_location": "",
            "secondary_queue_endpoint": null,
            "secondary_queue_host": null,
            "secondary_table_endpoint": null,
            "secondary_table_host": null,
            "secondary_web_endpoint": null,
            "secondary_web_host": null,
            "share_properties": [
              {
                "cors_rule": [],
                "retention_policy": [
                  {
                    "days": 7
                  }
                ],
                "smb": []
              }
            ],
            "shared_access_key_enabled": true,
            "static_website": [],
            "table_encryption_key_type": "Service",
            "tags": null,
            "timeouts": null
          },
          "sensitive_attributes": [
            [
              {
                "type": "get_attr",
                "value": "primary_blob_connection_string"
              }
            ],
            [
              {
                "type": "get_attr",
                "value": "primary_connection_string"
              }
            ],
            [
              {
                "type": "get_attr",
                "value": "secondary_blob_connection_string"
              }
            ],
            [
              {
                "type": "get_attr",
                "value": "secondary_access_key"
              }
            ],
            [
              {
                "type": "get_attr",
                "value": "primary_access_key"
              }
            ],
            [
              {
                "type": "get_attr",
                "value": "secondary_connection_string"
              }
            ]
          ],
          "private": "eyJlMmJmYjczMC1lY2FhLTExZTYtOGY4OC0zNDM2M2JjN2M0YzAiOnsiY3JlYXRlIjozNjAwMDAwMDAwMDAwLCJkZWxldGUiOjM2MDAwMDAwMDAwMDAsInJlYWQiOjMwMDAwMDAwMDAwMCwidXBkYXRlIjozNjAwMDAwMDAwMDAwfSwic2NoZW1hX3ZlcnNpb24iOiIyIn0=",
          "dependencies": [
            "azurerm_resource_group.rg",
            "random_id.random_id",
            "random_pet.rg_name"
          ]
        }
      ]
    },
    {
      "mode": "managed",
      "type": "azurerm_subnet",
      "name": "my_terraform_subnet",
      "provider": "provider[\"registry.terraform.io/hashicorp/azurerm\"]",
      "instances": [
        {
          "schema_version": 0,
          "attributes": {
            "address_prefix": "10.0.1.0/24",
            "address_prefixes": [
              "10.0.1.0/24"
            ],
            "delegation": [],
            "enforce_private_link_endpoint_network_policies": false,
            "enforce_private_link_service_network_policies": false,
            "id": "/subscriptions/4bb9d566-76f3-43be-8a78-7bdffc86eb81/resourceGroups/rg-saved-redbird/providers/Microsoft.Network/virtualNetworks/myVnet/subnets/mySubnet",
            "name": "mySubnet",
            "resource_group_name": "rg-saved-redbird",
            "service_endpoint_policy_ids": null,
            "service_endpoints": null,
            "timeouts": null,
            "virtual_network_name": "myVnet"
          },
          "sensitive_attributes": [],
          "private": "eyJlMmJmYjczMC1lY2FhLTExZTYtOGY4OC0zNDM2M2JjN2M0YzAiOnsiY3JlYXRlIjoxODAwMDAwMDAwMDAwLCJkZWxldGUiOjE4MDAwMDAwMDAwMDAsInJlYWQiOjMwMDAwMDAwMDAwMCwidXBkYXRlIjoxODAwMDAwMDAwMDAwfX0=",
          "dependencies": [
            "azurerm_resource_group.rg",
            "azurerm_virtual_network.my_terraform_network",
            "random_pet.rg_name"
          ]
        }
      ]
    },
    {
      "mode": "managed",
      "type": "azurerm_virtual_network",
      "name": "my_terraform_network",
      "provider": "provider[\"registry.terraform.io/hashicorp/azurerm\"]",
      "instances": [
        {
          "schema_version": 0,
          "attributes": {
            "address_space": [
              "10.0.0.0/16"
            ],
            "bgp_community": "",
            "ddos_protection_plan": [],
            "dns_servers": [],
            "flow_timeout_in_minutes": 0,
            "guid": "56102972-b419-4050-a5e7-2eaa8a722978",
            "id": "/subscriptions/4bb9d566-76f3-43be-8a78-7bdffc86eb81/resourceGroups/rg-saved-redbird/providers/Microsoft.Network/virtualNetworks/myVnet",
            "location": "westeurope",
            "name": "myVnet",
            "resource_group_name": "rg-saved-redbird",
            "subnet": [],
            "tags": null,
            "timeouts": null,
            "vm_protection_enabled": false
          },
          "sensitive_attributes": [],
          "private": "eyJlMmJmYjczMC1lY2FhLTExZTYtOGY4OC0zNDM2M2JjN2M0YzAiOnsiY3JlYXRlIjoxODAwMDAwMDAwMDAwLCJkZWxldGUiOjE4MDAwMDAwMDAwMDAsInJlYWQiOjMwMDAwMDAwMDAwMCwidXBkYXRlIjoxODAwMDAwMDAwMDAwfX0=",
          "dependencies": [
            "azurerm_resource_group.rg",
            "random_pet.rg_name"
          ]
        }
      ]
    },
    {
      "mode": "managed",
      "type": "random_id",
      "name": "random_id",
      "provider": "provider[\"registry.terraform.io/hashicorp/random\"]",
      "instances": [
        {
          "schema_version": 0,
          "attributes": {
            "b64_std": "5sYmlrB7v5Q=",
            "b64_url": "5sYmlrB7v5Q",
            "byte_length": 8,
            "dec": "16629021102759985044",
            "hex": "e6c62696b07bbf94",
            "id": "5sYmlrB7v5Q",
            "keepers": {
              "resource_group": "rg-saved-redbird"
            },
            "prefix": null
          },
          "sensitive_attributes": [],
          "dependencies": [
            "azurerm_resource_group.rg",
            "random_pet.rg_name"
          ]
        }
      ]
    },
    {
      "mode": "managed",
      "type": "random_pet",
      "name": "rg_name",
      "provider": "provider[\"registry.terraform.io/hashicorp/random\"]",
      "instances": [
        {
          "schema_version": 0,
          "attributes": {
            "id": "rg-saved-redbird",
            "keepers": null,
            "length": 2,
            "prefix": "rg",
            "separator": "-"
          },
          "sensitive_attributes": []
        }
      ]
    },
    {
      "mode": "managed",
      "type": "random_pet",
      "name": "ssh_key_name",
      "provider": "provider[\"registry.terraform.io/hashicorp/random\"]",
      "instances": [
        {
          "schema_version": 0,
          "attributes": {
            "id": "sshsavedredbird",
            "keepers": null,
            "length": 2,
            "prefix": "ssh",
            "separator": ""
          },
          "sensitive_attributes": []
        }
      ]
    }
  ],
  "check_results": null
}
