{
  "version": 4,
  "terraform_version": "1.9.0",
  "serial": 14,
  "lineage": "0521ac90-e5b4-b094-3522-bf280f0aba0d",
  "outputs": {
    "key_data": {
      "value": "ssh-rsa AAAAB3NzaC1yc2EAAAADAQABAAABgQCnQY2YykPnksU4YFREpkelFum0QuM5gGXQx2pbx0wSjNd5UE2d/1NBJa9P6boyqr+6l1jdlfbM3v0pkrFh3J3QbgA9GdVKp4zWeNmgRs8ma7UaBZZpCHshVjwOzT2Rk/zc2tVFsJVkaxCw7TRWb7pm3LDNqISdIBvx3IocJv+CrMgb2augNiKtAomNh5wwaf0n9j1wQGRDBYzTWCAE+7HTlUVm5INXIBHyUFwJAMZUI5GkBGV93HwRKKupM4J5oAhmmMK8/yKy/A3H3QKL8vkesW2e6daq4Z2xdPI6p1SUML/DbfUQD7K2q2AoKuZ9HwIRFOdfYgaF80eQcU4LNCSj+eA2DoOJydPU1CBt6yg+xEzPlVFDuBu9SqpzuWL489d6gRYIYV8Api2Djq3aqCWkaxkFGswiYStRmZXgnhco3gxgzIdLsqG9/Rx7/oS5wxSXnfRTaIg4EZSktdVci6wmk+W+CLUSSXLjEpS450EoT2Qvi0NG3594nJjAhdr3Eck= generated-by-azure",
      "type": "string"
    },
    "public_ip_address": {
      "value": "172.203.158.137",
      "type": "string"
    },
    "resource_group_name": {
      "value": "rg-welcomed-jaguar",
      "type": "string"
    }
  },
  "resources": [
    {
      "mode": "managed",
      "type": "azapi_resource",
      "name": "ssh_public_key",
      "provider": "provider[\"registry.terraform.io/azure/azapi\"]",
      "instances": [
        {
          "schema_version": 1,
          "attributes": {
            "body": {
              "value": "{}",
              "type": "string"
            },
            "id": "/subscriptions/4bb9d566-76f3-43be-8a78-7bdffc86eb81/resourceGroups/rg-welcomed-jaguar/providers/Microsoft.Compute/sshPublicKeys/sshhopefulmonarch",
            "identity": [],
            "ignore_body_changes": null,
            "ignore_casing": false,
            "ignore_missing_property": true,
            "location": "eastus",
            "locks": null,
            "name": "sshhopefulmonarch",
            "output": {
              "value": "{}",
              "type": "string"
            },
            "parent_id": "/subscriptions/4bb9d566-76f3-43be-8a78-7bdffc86eb81/resourceGroups/rg-welcomed-jaguar",
            "removing_special_chars": false,
            "response_export_values": null,
            "schema_validation_enabled": true,
            "tags": null,
            "timeouts": null,
            "type": "Microsoft.Compute/sshPublicKeys@2022-11-01"
          },
          "sensitive_attributes": [],
          "dependencies": [
            "azurerm_resource_group.rg",
            "random_pet.rg_name",
            "random_pet.ssh_key_name"
          ]
        }
      ]
    },
    {
      "mode": "managed",
      "type": "azapi_resource_action",
      "name": "ssh_public_key_gen",
      "provider": "provider[\"registry.terraform.io/azure/azapi\"]",
      "instances": [
        {
          "schema_version": 1,
          "attributes": {
            "action": "generateKeyPair",
            "body": null,
            "id": "/subscriptions/4bb9d566-76f3-43be-8a78-7bdffc86eb81/resourceGroups/rg-welcomed-jaguar/providers/Microsoft.Compute/sshPublicKeys/sshhopefulmonarch/generateKeyPair",
            "locks": null,
            "method": "POST",
            "output": {
              "value": {
                "privateKey": "-----BEGIN RSA PRIVATE KEY-----\r\nMIIG4wIBAAKCAYEAp0GNmMpD55LFOGBURKZHpRbptELjOYBl0MdqW8dMEozXeVBN\r\nnf9TQSWvT+m6Mqq/updY3ZX2zN79KZKxYdyd0G4APRnVSqeM1njZoEbPJmu1GgWW\r\naQh7IVY8Ds09kZP83NrVRbCVZGsQsO00Vm+6ZtywzaiEnSAb8dyKHCb/gqzIG9mr\r\noDYirQKJjYecMGn9J/Y9cEBkQwWM01ggBPux05VFZuSDVyAR8lBcCQDGVCORpARl\r\nfdx8ESirqTOCeaAIZpjCvP8isvwNx90Ci/L5HrFtnunWquGdsXTyOqdUlDC/w231\r\nEA+ytqtgKCrmfR8CERTnX2IGhfNHkHFOCzQko/ngNg6DicnT1NQgbesoPsRMz5VR\r\nQ7gbvUqqc7li+PPXeoEWCGFfAKYtg46t2qglpGsZBRrMImErUZmV4J4XKN4MYMyH\r\nS7Khvf0ce/6EucMUl530U2iIOBGUpLXVXIusJpPlvgi1Ekly4xKUuOdBKE9kL4tD\r\nRt+feJyYwIXa9xHJAgMBAAECggGAWxtfOTI8iQEvAwWeAYMeFbSEe1fQFHt3eqGV\r\nswa9zoD/wqpWjVEOlbckZwBnF8BhDg/xLUrKFFEHUEUC8M7O/EFfSekvgSoBkrZj\r\nvWW04zXagaE3jGE9SSyDLIDqH8mf/OILOJn21qtnfSjI0KitvehLOsun6TsbXcUH\r\nSkyH9DOQEXOhhHTYsKtoKDsNfmXNq537W5EHzGZSjrE7R9uewyVVl7W0QZpLjFXv\r\nvEu6vQxfAhwO+N9IicRAtbtEQGJGLz9tKgjfoKscIo4iO5DA6ijclXM9jY725+Mc\r\nfITDiymM+GlyEgwjUbXFUluk93Nx3BqwOYg9QHPIgwCcFvFTQDui6Hn9JF8K9vjz\r\n7OUpnOhfIFQgCWdczFjoY9KD846KH4Wo+P5ktTCe6W+xq2KMefpdJyEKCVLFNtR7\r\nRT3TBaAnE4eq7GXbh3oS00I8DrwSVzE5OEErxinpk8sL593g7w2G8vNnoUawnNVH\r\nGvprSLybenMpeJCYv/j7XlIkP31NAoHBAN2Mn0QvZpv9+2lY0aUi/P7i528MPzoS\r\n4vgBGEAhGLcolmRqqNxrDe4C3ByF2pmeIK4UZI5DhhXh8fr5AP87vp5E2MYO31r5\r\nPRbdfJnphFFY7HswsbQruWBaQAOPsV80zxVpGGNMHy/zaQCRUCYJss7OFmHEdCGs\r\nw0yyeZ/P0RLNNmY4gArCo5xVwbdVCI/EtN89ACp9Ln5d/16McPuvn2sQF9PCBRDo\r\n7kUDoE2cR+nDAlhY/FXcKtUseR7qmNUyYwKBwQDBQ6PCUI0SiLCfbU1v/Oh9kBoS\r\n3fblbUrxX1bsPN+UVowwUa5glwQaTrKrvTQU88I7TmLuxn4jWBzvF9Px6FzVB95E\r\nf+fjt9FLMOms6pE/DD6gtoOngQnEPZBjrcAoRl4U4TNFyLbv1S5Mg5COFlQNa3M6\r\nOsM8f5vrRorPvvnawKpaMSLTcakWXLVv0+97curm0ISuoNfGq0YQhlh9Rdw8Ku7r\r\njqUhEE2iEV1b1AofuIEVpQd1O7Iw2KHc5oASTOMCgcAyxoPJ8MMnhTIVltGVc0tg\r\nb0hzXu8utB1okXepWux7LcYqBXfl7HMo1Wb08oiDJIaA3xOct0UHxtzalC7yUBMD\r\n2uuDmOz/wJeLof9oluhIbITmRuazUEIQHx8Ese4Iz+WWFpwMRenv521tP+CKlzZv\r\nxzPB/HBRN3MbJNxTECHumTGag+B0lt9AeTcIeWiY6pA5iZV8J2x8cbaRSMasKDf1\r\nJZ8QXSskEP5qusYGg4bHwHXNIbfTRb5bVPH9b+7PDdkCgcBIZXQkyFPwS3AOaL2H\r\nY/AbiS2bP7bLPuPCA3rmR+9g/ALL3u05lZid2jkoCFpINv/dg4Gf/I8n4kwEbKKi\r\nje6ohqgGdPuC3Er0pcADXGNIgOe9AGHVD4t/DajXDjFbZPC9VZcFXyjYMr2DQA2Y\r\njFi0Jjol5/lW4l6gBe7d36ZtAZtO6fUny/4ROG1nFLczQVspV5c8a1gpPeOjMRBY\r\n7SCREWwqpWbKOfc67NJSId4g/9arKwTeL5ySm7QWsenr8Q0CgcEAx492ISXccw3+\r\nYqulQA/JhnXB7COg8kxKjUfO0drYEDjqdaB3rbgYwCJd6ptCbkxkSxGOpV/iEGYf\r\nTL1CgjRwwCOcN75xD6sJiTzIdytp4LRPLXvXqlRVfoyTaFi+r1QPIi7Q7ikzLVIp\r\n+d/1g6hPlHjyEdb8dWVrxr53UPea6wQjzU3+HBjPh7bPfZj15O71OeNIGf0R1WxG\r\nePxVyuwdQNYpcKnnPA9qIn9MBFlFJMLLfsAoQJIaz7f1oYE4Maiu\r\n-----END RSA PRIVATE KEY-----\r\n",
                "publicKey": "ssh-rsa AAAAB3NzaC1yc2EAAAADAQABAAABgQCnQY2YykPnksU4YFREpkelFum0QuM5gGXQx2pbx0wSjNd5UE2d/1NBJa9P6boyqr+6l1jdlfbM3v0pkrFh3J3QbgA9GdVKp4zWeNmgRs8ma7UaBZZpCHshVjwOzT2Rk/zc2tVFsJVkaxCw7TRWb7pm3LDNqISdIBvx3IocJv+CrMgb2augNiKtAomNh5wwaf0n9j1wQGRDBYzTWCAE+7HTlUVm5INXIBHyUFwJAMZUI5GkBGV93HwRKKupM4J5oAhmmMK8/yKy/A3H3QKL8vkesW2e6daq4Z2xdPI6p1SUML/DbfUQD7K2q2AoKuZ9HwIRFOdfYgaF80eQcU4LNCSj+eA2DoOJydPU1CBt6yg+xEzPlVFDuBu9SqpzuWL489d6gRYIYV8Api2Djq3aqCWkaxkFGswiYStRmZXgnhco3gxgzIdLsqG9/Rx7/oS5wxSXnfRTaIg4EZSktdVci6wmk+W+CLUSSXLjEpS450EoT2Qvi0NG3594nJjAhdr3Eck= generated-by-azure"
              },
              "type": [
                "object",
                {
                  "privateKey": "string",
                  "publicKey": "string"
                }
              ]
            },
            "resource_id": "/subscriptions/4bb9d566-76f3-43be-8a78-7bdffc86eb81/resourceGroups/rg-welcomed-jaguar/providers/Microsoft.Compute/sshPublicKeys/sshhopefulmonarch",
            "response_export_values": [
              "publicKey",
              "privateKey"
            ],
            "timeouts": null,
            "type": "Microsoft.Compute/sshPublicKeys@2022-11-01",
            "when": "apply"
          },
          "sensitive_attributes": [],
          "dependencies": [
            "azapi_resource.ssh_public_key",
            "azurerm_resource_group.rg",
            "random_pet.rg_name",
            "random_pet.ssh_key_name"
          ]
        }
      ]
    },
    {
      "mode": "managed",
      "type": "azurerm_linux_virtual_machine",
      "name": "my_terraform_vm",
      "provider": "provider[\"registry.terraform.io/hashicorp/azurerm\"]",
      "instances": [
        {
          "schema_version": 0,
          "attributes": {
            "additional_capabilities": [],
            "admin_password": null,
            "admin_ssh_key": [
              {
                "public_key": "ssh-rsa AAAAB3NzaC1yc2EAAAADAQABAAABgQCnQY2YykPnksU4YFREpkelFum0QuM5gGXQx2pbx0wSjNd5UE2d/1NBJa9P6boyqr+6l1jdlfbM3v0pkrFh3J3QbgA9GdVKp4zWeNmgRs8ma7UaBZZpCHshVjwOzT2Rk/zc2tVFsJVkaxCw7TRWb7pm3LDNqISdIBvx3IocJv+CrMgb2augNiKtAomNh5wwaf0n9j1wQGRDBYzTWCAE+7HTlUVm5INXIBHyUFwJAMZUI5GkBGV93HwRKKupM4J5oAhmmMK8/yKy/A3H3QKL8vkesW2e6daq4Z2xdPI6p1SUML/DbfUQD7K2q2AoKuZ9HwIRFOdfYgaF80eQcU4LNCSj+eA2DoOJydPU1CBt6yg+xEzPlVFDuBu9SqpzuWL489d6gRYIYV8Api2Djq3aqCWkaxkFGswiYStRmZXgnhco3gxgzIdLsqG9/Rx7/oS5wxSXnfRTaIg4EZSktdVci6wmk+W+CLUSSXLjEpS450EoT2Qvi0NG3594nJjAhdr3Eck= generated-by-azure",
                "username": "azureadmin"
              }
            ],
            "admin_username": "azureadmin",
            "allow_extension_operations": true,
            "availability_set_id": "",
            "boot_diagnostics": [
              {
                "storage_account_uri": "https://diag246d977215fa44c5.blob.core.windows.net/"
              }
            ],
            "computer_name": "hostname",
            "custom_data": null,
            "dedicated_host_group_id": "",
            "dedicated_host_id": "",
            "disable_password_authentication": true,
            "encryption_at_host_enabled": false,
            "eviction_policy": "",
            "extensions_time_budget": "PT1H30M",
            "id": "/subscriptions/4bb9d566-76f3-43be-8a78-7bdffc86eb81/resourceGroups/rg-welcomed-jaguar/providers/Microsoft.Compute/virtualMachines/myVM",
            "identity": [],
            "license_type": "",
            "location": "eastus",
            "max_bid_price": -1,
            "name": "myVM",
            "network_interface_ids": [
              "/subscriptions/4bb9d566-76f3-43be-8a78-7bdffc86eb81/resourceGroups/rg-welcomed-jaguar/providers/Microsoft.Network/networkInterfaces/myNIC"
            ],
            "os_disk": [
              {
                "caching": "ReadWrite",
                "diff_disk_settings": [],
                "disk_encryption_set_id": "",
                "disk_size_gb": 30,
                "name": "myOsDisk",
                "storage_account_type": "Premium_LRS",
                "write_accelerator_enabled": false
              }
            ],
            "patch_mode": "ImageDefault",
            "plan": [],
            "platform_fault_domain": -1,
            "priority": "Regular",
            "private_ip_address": "10.0.1.4",
            "private_ip_addresses": [
              "10.0.1.4"
            ],
            "provision_vm_agent": true,
            "proximity_placement_group_id": "",
            "public_ip_address": "172.203.158.137",
            "public_ip_addresses": [
              "172.203.158.137"
            ],
            "resource_group_name": "rg-welcomed-jaguar",
            "secret": [],
            "secure_boot_enabled": false,
            "size": "Standard_DS1_v2",
            "source_image_id": "",
            "source_image_reference": [
              {
                "offer": "0001-com-ubuntu-server-jammy",
                "publisher": "Canonical",
                "sku": "22_04-lts-gen2",
                "version": "latest"
              }
            ],
            "tags": null,
            "timeouts": null,
            "user_data": "",
            "virtual_machine_id": "73715d15-1309-46ad-8e08-22c04c671231",
            "virtual_machine_scale_set_id": "",
            "vtpm_enabled": false,
            "zone": ""
          },
          "sensitive_attributes": [
            [
              {
                "type": "get_attr",
                "value": "admin_password"
              }
            ],
            [
              {
                "type": "get_attr",
                "value": "custom_data"
              }
            ]
          ],
          "private": "eyJlMmJmYjczMC1lY2FhLTExZTYtOGY4OC0zNDM2M2JjN2M0YzAiOnsiY3JlYXRlIjoyNzAwMDAwMDAwMDAwLCJkZWxldGUiOjI3MDAwMDAwMDAwMDAsInJlYWQiOjMwMDAwMDAwMDAwMCwidXBkYXRlIjoyNzAwMDAwMDAwMDAwfX0=",
          "dependencies": [
            "azapi_resource.ssh_public_key",
            "azapi_resource_action.ssh_public_key_gen",
            "azurerm_network_interface.my_terraform_nic",
            "azurerm_public_ip.my_terraform_public_ip",
            "azurerm_resource_group.rg",
            "azurerm_storage_account.my_storage_account",
            "azurerm_subnet.my_terraform_subnet",
            "azurerm_virtual_network.my_terraform_network",
            "random_id.random_id",
            "random_pet.rg_name",
            "random_pet.ssh_key_name"
          ]
        }
      ]
    },
    {
      "mode": "managed",
      "type": "azurerm_network_interface",
      "name": "my_terraform_nic",
      "provider": "provider[\"registry.terraform.io/hashicorp/azurerm\"]",
      "instances": [
        {
          "schema_version": 0,
          "attributes": {
            "applied_dns_servers": [],
            "dns_servers": [],
            "enable_accelerated_networking": false,
            "enable_ip_forwarding": false,
            "id": "/subscriptions/4bb9d566-76f3-43be-8a78-7bdffc86eb81/resourceGroups/rg-welcomed-jaguar/providers/Microsoft.Network/networkInterfaces/myNIC",
            "internal_dns_name_label": "",
            "internal_domain_name_suffix": "5fc5bvzulfbuzfjdsjgjp44asf.bx.internal.cloudapp.net",
            "ip_configuration": [
              {
                "gateway_load_balancer_frontend_ip_configuration_id": "",
                "name": "my_nic_configuration",
                "primary": true,
                "private_ip_address": "10.0.1.4",
                "private_ip_address_allocation": "Dynamic",
                "private_ip_address_version": "IPv4",
                "public_ip_address_id": "/subscriptions/4bb9d566-76f3-43be-8a78-7bdffc86eb81/resourceGroups/rg-welcomed-jaguar/providers/Microsoft.Network/publicIPAddresses/myPublicIP",
                "subnet_id": "/subscriptions/4bb9d566-76f3-43be-8a78-7bdffc86eb81/resourceGroups/rg-welcomed-jaguar/providers/Microsoft.Network/virtualNetworks/myVnet/subnets/mySubnet"
              }
            ],
            "location": "eastus",
            "mac_address": "",
            "name": "myNIC",
            "private_ip_address": "10.0.1.4",
            "private_ip_addresses": [
              "10.0.1.4"
            ],
            "resource_group_name": "rg-welcomed-jaguar",
            "tags": null,
            "timeouts": null,
            "virtual_machine_id": ""
          },
          "sensitive_attributes": [],
          "private": "eyJlMmJmYjczMC1lY2FhLTExZTYtOGY4OC0zNDM2M2JjN2M0YzAiOnsiY3JlYXRlIjoxODAwMDAwMDAwMDAwLCJkZWxldGUiOjE4MDAwMDAwMDAwMDAsInJlYWQiOjMwMDAwMDAwMDAwMCwidXBkYXRlIjoxODAwMDAwMDAwMDAwfX0=",
          "dependencies": [
            "azurerm_public_ip.my_terraform_public_ip",
            "azurerm_resource_group.rg",
            "azurerm_subnet.my_terraform_subnet",
            "azurerm_virtual_network.my_terraform_network",
            "random_pet.rg_name"
          ]
        }
      ]
    },
    {
      "mode": "managed",
      "type": "azurerm_network_interface_security_group_association",
      "name": "example",
      "provider": "provider[\"registry.terraform.io/hashicorp/azurerm\"]",
      "instances": [
        {
          "schema_version": 0,
          "attributes": {
            "id": "/subscriptions/4bb9d566-76f3-43be-8a78-7bdffc86eb81/resourceGroups/rg-welcomed-jaguar/providers/Microsoft.Network/networkInterfaces/myNIC|/subscriptions/4bb9d566-76f3-43be-8a78-7bdffc86eb81/resourceGroups/rg-welcomed-jaguar/providers/Microsoft.Network/networkSecurityGroups/myNetworkSecurityGroup",
            "network_interface_id": "/subscriptions/4bb9d566-76f3-43be-8a78-7bdffc86eb81/resourceGroups/rg-welcomed-jaguar/providers/Microsoft.Network/networkInterfaces/myNIC",
            "network_security_group_id": "/subscriptions/4bb9d566-76f3-43be-8a78-7bdffc86eb81/resourceGroups/rg-welcomed-jaguar/providers/Microsoft.Network/networkSecurityGroups/myNetworkSecurityGroup",
            "timeouts": null
          },
          "sensitive_attributes": [],
          "private": "eyJlMmJmYjczMC1lY2FhLTExZTYtOGY4OC0zNDM2M2JjN2M0YzAiOnsiY3JlYXRlIjoxODAwMDAwMDAwMDAwLCJkZWxldGUiOjE4MDAwMDAwMDAwMDAsInJlYWQiOjMwMDAwMDAwMDAwMCwidXBkYXRlIjoxODAwMDAwMDAwMDAwfX0=",
          "dependencies": [
            "azurerm_network_interface.my_terraform_nic",
            "azurerm_network_security_group.my_terraform_nsg",
            "azurerm_public_ip.my_terraform_public_ip",
            "azurerm_resource_group.rg",
            "azurerm_subnet.my_terraform_subnet",
            "azurerm_virtual_network.my_terraform_network",
            "random_pet.rg_name"
          ]
        }
      ]
    },
    {
      "mode": "managed",
      "type": "azurerm_network_security_group",
      "name": "my_terraform_nsg",
      "provider": "provider[\"registry.terraform.io/hashicorp/azurerm\"]",
      "instances": [
        {
          "schema_version": 0,
          "attributes": {
            "id": "/subscriptions/4bb9d566-76f3-43be-8a78-7bdffc86eb81/resourceGroups/rg-welcomed-jaguar/providers/Microsoft.Network/networkSecurityGroups/myNetworkSecurityGroup",
            "location": "eastus",
            "name": "myNetworkSecurityGroup",
            "resource_group_name": "rg-welcomed-jaguar",
            "security_rule": [
              {
                "access": "Allow",
                "description": "",
                "destination_address_prefix": "*",
                "destination_address_prefixes": [],
                "destination_application_security_group_ids": [],
                "destination_port_range": "22",
                "destination_port_ranges": [],
                "direction": "Inbound",
                "name": "SSH",
                "priority": 1001,
                "protocol": "Tcp",
                "source_address_prefix": "*",
                "source_address_prefixes": [],
                "source_application_security_group_ids": [],
                "source_port_range": "*",
                "source_port_ranges": []
              }
            ],
            "tags": null,
            "timeouts": null
          },
          "sensitive_attributes": [],
          "private": "eyJlMmJmYjczMC1lY2FhLTExZTYtOGY4OC0zNDM2M2JjN2M0YzAiOnsiY3JlYXRlIjoxODAwMDAwMDAwMDAwLCJkZWxldGUiOjE4MDAwMDAwMDAwMDAsInJlYWQiOjMwMDAwMDAwMDAwMCwidXBkYXRlIjoxODAwMDAwMDAwMDAwfX0=",
          "dependencies": [
            "azurerm_resource_group.rg",
            "random_pet.rg_name"
          ]
        }
      ]
    },
    {
      "mode": "managed",
      "type": "azurerm_public_ip",
      "name": "my_terraform_public_ip",
      "provider": "provider[\"registry.terraform.io/hashicorp/azurerm\"]",
      "instances": [
        {
          "schema_version": 0,
          "attributes": {
            "allocation_method": "Dynamic",
            "availability_zone": "No-Zone",
            "domain_name_label": null,
            "fqdn": null,
            "id": "/subscriptions/4bb9d566-76f3-43be-8a78-7bdffc86eb81/resourceGroups/rg-welcomed-jaguar/providers/Microsoft.Network/publicIPAddresses/myPublicIP",
            "idle_timeout_in_minutes": 4,
            "ip_address": "",
            "ip_tags": null,
            "ip_version": "IPv4",
            "location": "eastus",
            "name": "myPublicIP",
            "public_ip_prefix_id": null,
            "resource_group_name": "rg-welcomed-jaguar",
            "reverse_fqdn": null,
            "sku": "Basic",
            "sku_tier": "Regional",
            "tags": null,
            "timeouts": null,
            "zones": []
          },
          "sensitive_attributes": [],
          "private": "eyJlMmJmYjczMC1lY2FhLTExZTYtOGY4OC0zNDM2M2JjN2M0YzAiOnsiY3JlYXRlIjoxODAwMDAwMDAwMDAwLCJkZWxldGUiOjE4MDAwMDAwMDAwMDAsInJlYWQiOjMwMDAwMDAwMDAwMCwidXBkYXRlIjoxODAwMDAwMDAwMDAwfX0=",
          "dependencies": [
            "azurerm_resource_group.rg",
            "random_pet.rg_name"
          ]
        }
      ]
    },
    {
      "mode": "managed",
      "type": "azurerm_resource_group",
      "name": "rg",
      "provider": "provider[\"registry.terraform.io/hashicorp/azurerm\"]",
      "instances": [
        {
          "schema_version": 0,
          "attributes": {
            "id": "/subscriptions/4bb9d566-76f3-43be-8a78-7bdffc86eb81/resourceGroups/rg-welcomed-jaguar",
            "location": "eastus",
            "name": "rg-welcomed-jaguar",
            "tags": null,
            "timeouts": null
          },
          "sensitive_attributes": [],
          "private": "eyJlMmJmYjczMC1lY2FhLTExZTYtOGY4OC0zNDM2M2JjN2M0YzAiOnsiY3JlYXRlIjo1NDAwMDAwMDAwMDAwLCJkZWxldGUiOjU0MDAwMDAwMDAwMDAsInJlYWQiOjMwMDAwMDAwMDAwMCwidXBkYXRlIjo1NDAwMDAwMDAwMDAwfX0=",
          "dependencies": [
            "random_pet.rg_name"
          ]
        }
      ]
    },
    {
      "mode": "managed",
      "type": "azurerm_storage_account",
      "name": "my_storage_account",
      "provider": "provider[\"registry.terraform.io/hashicorp/azurerm\"]",
      "instances": [
        {
          "schema_version": 2,
          "attributes": {
            "access_tier": "Hot",
            "account_kind": "StorageV2",
            "account_replication_type": "LRS",
            "account_tier": "Standard",
            "allow_blob_public_access": false,
            "azure_files_authentication": [],
            "blob_properties": [
              {
                "change_feed_enabled": false,
                "container_delete_retention_policy": [],
                "cors_rule": [],
                "default_service_version": "",
                "delete_retention_policy": [],
                "last_access_time_enabled": false,
                "versioning_enabled": false
              }
            ],
            "custom_domain": [],
            "customer_managed_key": [],
            "enable_https_traffic_only": true,
            "id": "/subscriptions/4bb9d566-76f3-43be-8a78-7bdffc86eb81/resourceGroups/rg-welcomed-jaguar/providers/Microsoft.Storage/storageAccounts/diag246d977215fa44c5",
            "identity": [],
            "infrastructure_encryption_enabled": false,
            "is_hns_enabled": false,
            "large_file_share_enabled": null,
            "location": "eastus",
            "min_tls_version": "TLS1_0",
            "name": "diag246d977215fa44c5",
            "network_rules": [
              {
                "bypass": [
                  "AzureServices"
                ],
                "default_action": "Allow",
                "ip_rules": [],
                "private_link_access": [],
                "virtual_network_subnet_ids": []
              }
            ],
            "nfsv3_enabled": false,
            "primary_access_key": "fLFqTsmVm8PypYPOT6tDv+LBEXhRaO1QPMV/zhRzRTROazPlaMcOglG+Wg9B+KP1be1l3vi6tMTn+AStKwsgow==",
            "primary_blob_connection_string": "DefaultEndpointsProtocol=https;BlobEndpoint=https://diag246d977215fa44c5.blob.core.windows.net/;AccountName=diag246d977215fa44c5;AccountKey=fLFqTsmVm8PypYPOT6tDv+LBEXhRaO1QPMV/zhRzRTROazPlaMcOglG+Wg9B+KP1be1l3vi6tMTn+AStKwsgow==",
            "primary_blob_endpoint": "https://diag246d977215fa44c5.blob.core.windows.net/",
            "primary_blob_host": "diag246d977215fa44c5.blob.core.windows.net",
            "primary_connection_string": "DefaultEndpointsProtocol=https;AccountName=diag246d977215fa44c5;AccountKey=fLFqTsmVm8PypYPOT6tDv+LBEXhRaO1QPMV/zhRzRTROazPlaMcOglG+Wg9B+KP1be1l3vi6tMTn+AStKwsgow==;EndpointSuffix=core.windows.net",
            "primary_dfs_endpoint": "https://diag246d977215fa44c5.dfs.core.windows.net/",
            "primary_dfs_host": "diag246d977215fa44c5.dfs.core.windows.net",
            "primary_file_endpoint": "https://diag246d977215fa44c5.file.core.windows.net/",
            "primary_file_host": "diag246d977215fa44c5.file.core.windows.net",
            "primary_location": "eastus",
            "primary_queue_endpoint": "https://diag246d977215fa44c5.queue.core.windows.net/",
            "primary_queue_host": "diag246d977215fa44c5.queue.core.windows.net",
            "primary_table_endpoint": "https://diag246d977215fa44c5.table.core.windows.net/",
            "primary_table_host": "diag246d977215fa44c5.table.core.windows.net",
            "primary_web_endpoint": "https://diag246d977215fa44c5.z13.web.core.windows.net/",
            "primary_web_host": "diag246d977215fa44c5.z13.web.core.windows.net",
            "queue_encryption_key_type": "Service",
            "queue_properties": [
              {
                "cors_rule": [],
                "hour_metrics": [
                  {
                    "enabled": true,
                    "include_apis": true,
                    "retention_policy_days": 7,
                    "version": "1.0"
                  }
                ],
                "logging": [
                  {
                    "delete": false,
                    "read": false,
                    "retention_policy_days": 0,
                    "version": "1.0",
                    "write": false
                  }
                ],
                "minute_metrics": [
                  {
                    "enabled": false,
                    "include_apis": false,
                    "retention_policy_days": 0,
                    "version": "1.0"
                  }
                ]
              }
            ],
            "resource_group_name": "rg-welcomed-jaguar",
            "routing": [],
            "secondary_access_key": "atXW6XCudsq8y0v4jcDB3MOvgUnrUmg7SfOrL7DI6cyPDFGsWDbXNow61QMy2h+hxjmnO4tSAD1S+AStLXWFkA==",
            "secondary_blob_connection_string": "",
            "secondary_blob_endpoint": null,
            "secondary_blob_host": null,
            "secondary_connection_string": "DefaultEndpointsProtocol=https;AccountName=diag246d977215fa44c5;AccountKey=atXW6XCudsq8y0v4jcDB3MOvgUnrUmg7SfOrL7DI6cyPDFGsWDbXNow61QMy2h+hxjmnO4tSAD1S+AStLXWFkA==;EndpointSuffix=core.windows.net",
            "secondary_dfs_endpoint": null,
            "secondary_dfs_host": null,
            "secondary_file_endpoint": null,
            "secondary_file_host": null,
            "secondary_location": "",
            "secondary_queue_endpoint": null,
            "secondary_queue_host": null,
            "secondary_table_endpoint": null,
            "secondary_table_host": null,
            "secondary_web_endpoint": null,
            "secondary_web_host": null,
            "share_properties": [
              {
                "cors_rule": [],
                "retention_policy": [
                  {
                    "days": 7
                  }
                ],
                "smb": []
              }
            ],
            "shared_access_key_enabled": true,
            "static_website": [],
            "table_encryption_key_type": "Service",
            "tags": null,
            "timeouts": null
          },
          "sensitive_attributes": [
            [
              {
                "type": "get_attr",
                "value": "primary_connection_string"
              }
            ],
            [
              {
                "type": "get_attr",
                "value": "secondary_connection_string"
              }
            ],
            [
              {
                "type": "get_attr",
                "value": "primary_access_key"
              }
            ],
            [
              {
                "type": "get_attr",
                "value": "secondary_access_key"
              }
            ],
            [
              {
                "type": "get_attr",
                "value": "primary_blob_connection_string"
              }
            ],
            [
              {
                "type": "get_attr",
                "value": "secondary_blob_connection_string"
              }
            ]
          ],
          "private": "eyJlMmJmYjczMC1lY2FhLTExZTYtOGY4OC0zNDM2M2JjN2M0YzAiOnsiY3JlYXRlIjozNjAwMDAwMDAwMDAwLCJkZWxldGUiOjM2MDAwMDAwMDAwMDAsInJlYWQiOjMwMDAwMDAwMDAwMCwidXBkYXRlIjozNjAwMDAwMDAwMDAwfSwic2NoZW1hX3ZlcnNpb24iOiIyIn0=",
          "dependencies": [
            "azurerm_resource_group.rg",
            "random_id.random_id",
            "random_pet.rg_name"
          ]
        }
      ]
    },
    {
      "mode": "managed",
      "type": "azurerm_subnet",
      "name": "my_terraform_subnet",
      "provider": "provider[\"registry.terraform.io/hashicorp/azurerm\"]",
      "instances": [
        {
          "schema_version": 0,
          "attributes": {
            "address_prefix": "10.0.1.0/24",
            "address_prefixes": [
              "10.0.1.0/24"
            ],
            "delegation": [],
            "enforce_private_link_endpoint_network_policies": false,
            "enforce_private_link_service_network_policies": false,
            "id": "/subscriptions/4bb9d566-76f3-43be-8a78-7bdffc86eb81/resourceGroups/rg-welcomed-jaguar/providers/Microsoft.Network/virtualNetworks/myVnet/subnets/mySubnet",
            "name": "mySubnet",
            "resource_group_name": "rg-welcomed-jaguar",
            "service_endpoint_policy_ids": null,
            "service_endpoints": null,
            "timeouts": null,
            "virtual_network_name": "myVnet"
          },
          "sensitive_attributes": [],
          "private": "eyJlMmJmYjczMC1lY2FhLTExZTYtOGY4OC0zNDM2M2JjN2M0YzAiOnsiY3JlYXRlIjoxODAwMDAwMDAwMDAwLCJkZWxldGUiOjE4MDAwMDAwMDAwMDAsInJlYWQiOjMwMDAwMDAwMDAwMCwidXBkYXRlIjoxODAwMDAwMDAwMDAwfX0=",
          "dependencies": [
            "azurerm_resource_group.rg",
            "azurerm_virtual_network.my_terraform_network",
            "random_pet.rg_name"
          ]
        }
      ]
    },
    {
      "mode": "managed",
      "type": "azurerm_virtual_network",
      "name": "my_terraform_network",
      "provider": "provider[\"registry.terraform.io/hashicorp/azurerm\"]",
      "instances": [
        {
          "schema_version": 0,
          "attributes": {
            "address_space": [
              "10.0.0.0/16"
            ],
            "bgp_community": "",
            "ddos_protection_plan": [],
            "dns_servers": [],
            "flow_timeout_in_minutes": 0,
            "guid": "d7f045f9-5934-4c43-9523-924c97fbc095",
            "id": "/subscriptions/4bb9d566-76f3-43be-8a78-7bdffc86eb81/resourceGroups/rg-welcomed-jaguar/providers/Microsoft.Network/virtualNetworks/myVnet",
            "location": "eastus",
            "name": "myVnet",
            "resource_group_name": "rg-welcomed-jaguar",
            "subnet": [],
            "tags": null,
            "timeouts": null,
            "vm_protection_enabled": false
          },
          "sensitive_attributes": [],
          "private": "eyJlMmJmYjczMC1lY2FhLTExZTYtOGY4OC0zNDM2M2JjN2M0YzAiOnsiY3JlYXRlIjoxODAwMDAwMDAwMDAwLCJkZWxldGUiOjE4MDAwMDAwMDAwMDAsInJlYWQiOjMwMDAwMDAwMDAwMCwidXBkYXRlIjoxODAwMDAwMDAwMDAwfX0=",
          "dependencies": [
            "azurerm_resource_group.rg",
            "random_pet.rg_name"
          ]
        }
      ]
    },
    {
      "mode": "managed",
      "type": "random_id",
      "name": "random_id",
      "provider": "provider[\"registry.terraform.io/hashicorp/random\"]",
      "instances": [
        {
          "schema_version": 0,
          "attributes": {
            "b64_std": "JG2XchX6RMU=",
            "b64_url": "JG2XchX6RMU",
            "byte_length": 8,
            "dec": "2624920674077656261",
            "hex": "246d977215fa44c5",
            "id": "JG2XchX6RMU",
            "keepers": {
              "resource_group": "rg-welcomed-jaguar"
            },
            "prefix": null
          },
          "sensitive_attributes": [],
          "dependencies": [
            "azurerm_resource_group.rg",
            "random_pet.rg_name"
          ]
        }
      ]
    },
    {
      "mode": "managed",
      "type": "random_pet",
      "name": "rg_name",
      "provider": "provider[\"registry.terraform.io/hashicorp/random\"]",
      "instances": [
        {
          "schema_version": 0,
          "attributes": {
            "id": "rg-welcomed-jaguar",
            "keepers": null,
            "length": 2,
            "prefix": "rg",
            "separator": "-"
          },
          "sensitive_attributes": []
        }
      ]
    },
    {
      "mode": "managed",
      "type": "random_pet",
      "name": "ssh_key_name",
      "provider": "provider[\"registry.terraform.io/hashicorp/random\"]",
      "instances": [
        {
          "schema_version": 0,
          "attributes": {
            "id": "sshhopefulmonarch",
            "keepers": null,
            "length": 2,
            "prefix": "ssh",
            "separator": ""
          },
          "sensitive_attributes": []
        }
      ]
    }
  ],
  "check_results": null
}
